
Microsoft Visual Studio Solution File, Format Version 12.00
# Visual Studio 15
VisualStudioVersion = 15.0.28307.168
MinimumVisualStudioVersion = 10.0.40219.1
Project("{FAE04EC0-301F-11D3-BF4B-00C04F79EFBC}") = "Problem3", "Problem3\Problem3.csproj", "{307E7887-0DBE-4CE3-B3C2-E8464818298A}"
EndProject
Global
	GlobalSection(SolutionConfigurationPlatforms) = preSolution
		Debug|Any CPU = Debug|Any CPU
		Release|Any CPU = Release|Any CPU
	EndGlobalSection
	GlobalSection(ProjectConfigurationPlatforms) = postSolution
		{307E7887-0DBE-4CE3-B3C2-E8464818298A}.Debug|Any CPU.ActiveCfg = Debug|Any CPU
		{307E7887-0DBE-4CE3-B3C2-E8464818298A}.Debug|Any CPU.Build.0 = Debug|Any CPU
		{307E7887-0DBE-4CE3-B3C2-E8464818298A}.Release|Any CPU.ActiveCfg = Release|Any CPU
		{307E7887-0DBE-4CE3-B3C2-E8464818298A}.Release|Any CPU.Build.0 = Release|Any CPU
	EndGlobalSection
	GlobalSection(SolutionProperties) = preSolution
		HideSolutionNode = FALSE
	EndGlobalSection
	GlobalSection(ExtensibilityGlobals) = postSolution
		SolutionGuid = {A7259721-6B1A-429E-85CD-63DB5DC216E9}
	EndGlobalSection
EndGlobal
